
Microsoft Visual Studio Solution File, Format Version 12.00
# Visual Studio Version 16
VisualStudioVersion = 16.0.32106.194
MinimumVisualStudioVersion = 10.0.40219.1
Project("{FAE04EC0-301F-11D3-BF4B-00C04F79EFBC}") = "EmpDepConsoleApp", "EmpDepConsoleApp\EmpDepConsoleApp.csproj", "{63F5C1CF-2903-4880-970C-BA78B3F32958}"
EndProject
Project("{FAE04EC0-301F-11D3-BF4B-00C04F79EFBC}") = "EmpDepModelsLibrary", "EmpDepModelsLibrary\EmpDepModelsLibrary.csproj", "{5DCE152B-086F-4C48-B2D8-059BBFEBEB60}"
EndProject
Project("{FAE04EC0-301F-11D3-BF4B-00C04F79EFBC}") = "EmpDepDALEFLibrary", "EmpDepDALEFLibrary\EmpDepDALEFLibrary.csproj", "{F665B94C-004A-49EB-97C0-7BEA31F16A92}"
EndProject
Global
	GlobalSection(SolutionConfigurationPlatforms) = preSolution
		Debug|Any CPU = Debug|Any CPU
		Release|Any CPU = Release|Any CPU
	EndGlobalSection
	GlobalSection(ProjectConfigurationPlatforms) = postSolution
		{63F5C1CF-2903-4880-970C-BA78B3F32958}.Debug|Any CPU.ActiveCfg = Debug|Any CPU
		{63F5C1CF-2903-4880-970C-BA78B3F32958}.Debug|Any CPU.Build.0 = Debug|Any CPU
		{63F5C1CF-2903-4880-970C-BA78B3F32958}.Release|Any CPU.ActiveCfg = Release|Any CPU
		{63F5C1CF-2903-4880-970C-BA78B3F32958}.Release|Any CPU.Build.0 = Release|Any CPU
		{5DCE152B-086F-4C48-B2D8-059BBFEBEB60}.Debug|Any CPU.ActiveCfg = Debug|Any CPU
		{5DCE152B-086F-4C48-B2D8-059BBFEBEB60}.Debug|Any CPU.Build.0 = Debug|Any CPU
		{5DCE152B-086F-4C48-B2D8-059BBFEBEB60}.Release|Any CPU.ActiveCfg = Release|Any CPU
		{5DCE152B-086F-4C48-B2D8-059BBFEBEB60}.Release|Any CPU.Build.0 = Release|Any CPU
		{F665B94C-004A-49EB-97C0-7BEA31F16A92}.Debug|Any CPU.ActiveCfg = Debug|Any CPU
		{F665B94C-004A-49EB-97C0-7BEA31F16A92}.Debug|Any CPU.Build.0 = Debug|Any CPU
		{F665B94C-004A-49EB-97C0-7BEA31F16A92}.Release|Any CPU.ActiveCfg = Release|Any CPU
		{F665B94C-004A-49EB-97C0-7BEA31F16A92}.Release|Any CPU.Build.0 = Release|Any CPU
	EndGlobalSection
	GlobalSection(SolutionProperties) = preSolution
		HideSolutionNode = FALSE
	EndGlobalSection
	GlobalSection(ExtensibilityGlobals) = postSolution
		SolutionGuid = {EAE88A66-4AF5-45A9-9E51-FD6952ABC316}
	EndGlobalSection
EndGlobal
