
Microsoft Visual Studio Solution File, Format Version 12.00
# Visual Studio Version 16
VisualStudioVersion = 16.0.32106.194
MinimumVisualStudioVersion = 10.0.40219.1
Project("{FAE04EC0-301F-11D3-BF4B-00C04F79EFBC}") = "ProductWebApplication", "ProductWebApplication\ProductWebApplication.csproj", "{38A8A802-A9B3-4CAA-BF90-632A1590AB89}"
EndProject
Global
	GlobalSection(SolutionConfigurationPlatforms) = preSolution
		Debug|Any CPU = Debug|Any CPU
		Release|Any CPU = Release|Any CPU
	EndGlobalSection
	GlobalSection(ProjectConfigurationPlatforms) = postSolution
		{38A8A802-A9B3-4CAA-BF90-632A1590AB89}.Debug|Any CPU.ActiveCfg = Debug|Any CPU
		{38A8A802-A9B3-4CAA-BF90-632A1590AB89}.Debug|Any CPU.Build.0 = Debug|Any CPU
		{38A8A802-A9B3-4CAA-BF90-632A1590AB89}.Release|Any CPU.ActiveCfg = Release|Any CPU
		{38A8A802-A9B3-4CAA-BF90-632A1590AB89}.Release|Any CPU.Build.0 = Release|Any CPU
	EndGlobalSection
	GlobalSection(SolutionProperties) = preSolution
		HideSolutionNode = FALSE
	EndGlobalSection
	GlobalSection(ExtensibilityGlobals) = postSolution
		SolutionGuid = {996906E0-D4F8-43EC-A6FA-3F6916AAB696}
	EndGlobalSection
EndGlobal
